// !$*UTF8*$!
{
	archiveVersion = 1;
	classes = {
	};
	objectVersion = 56;
	objects = {

/* Begin PBXBuildFile section */
		1652F88D2B06EC8A00F5FC37 /* Cinderella_by_JAMSApp.swift in Sources */ = {isa = PBXBuildFile; fileRef = 1652F88C2B06EC8A00F5FC37 /* Cinderella_by_JAMSApp.swift */; };
		1652F8AD2B06EEBF00F5FC37 /* SplashScreenView.swift in Sources */ = {isa = PBXBuildFile; fileRef = 1652F8AC2B06EEBF00F5FC37 /* SplashScreenView.swift */; };
		1652F8AF2B06EF1800F5FC37 /* MainView.swift in Sources */ = {isa = PBXBuildFile; fileRef = 1652F8AE2B06EF1800F5FC37 /* MainView.swift */; };
		1652F8B22B06EF3400F5FC37 /* ChapterUnlocker.swift in Sources */ = {isa = PBXBuildFile; fileRef = 1652F8B12B06EF3400F5FC37 /* ChapterUnlocker.swift */; };
		1652F8C52B06EFA700F5FC37 /* Chapter1AltView3.swift in Sources */ = {isa = PBXBuildFile; fileRef = 1652F8B82B06EFA700F5FC37 /* Chapter1AltView3.swift */; };
		1652F8C62B06EFA700F5FC37 /* Chapter1View2.swift in Sources */ = {isa = PBXBuildFile; fileRef = 1652F8B92B06EFA700F5FC37 /* Chapter1View2.swift */; };
		1652F8C72B06EFA700F5FC37 /* Chapter1View7.swift in Sources */ = {isa = PBXBuildFile; fileRef = 1652F8BA2B06EFA700F5FC37 /* Chapter1View7.swift */; };
		1652F8C82B06EFA700F5FC37 /* Chapter1View.swift in Sources */ = {isa = PBXBuildFile; fileRef = 1652F8BB2B06EFA700F5FC37 /* Chapter1View.swift */; };
		1652F8C92B06EFA700F5FC37 /* Chapter1View8.swift in Sources */ = {isa = PBXBuildFile; fileRef = 1652F8BC2B06EFA700F5FC37 /* Chapter1View8.swift */; };
		1652F8CA2B06EFA700F5FC37 /* Chapter1View3.swift in Sources */ = {isa = PBXBuildFile; fileRef = 1652F8BD2B06EFA700F5FC37 /* Chapter1View3.swift */; };
		1652F8CB2B06EFA700F5FC37 /* Chapter1View6.swift in Sources */ = {isa = PBXBuildFile; fileRef = 1652F8BE2B06EFA700F5FC37 /* Chapter1View6.swift */; };
		1652F8CC2B06EFA700F5FC37 /* Chapter1AltView2.swift in Sources */ = {isa = PBXBuildFile; fileRef = 1652F8BF2B06EFA700F5FC37 /* Chapter1AltView2.swift */; };
		1652F8CD2B06EFA700F5FC37 /* Chapter1View9.swift in Sources */ = {isa = PBXBuildFile; fileRef = 1652F8C02B06EFA700F5FC37 /* Chapter1View9.swift */; };
		1652F8CE2B06EFA700F5FC37 /* Chapter1View4.swift in Sources */ = {isa = PBXBuildFile; fileRef = 1652F8C12B06EFA700F5FC37 /* Chapter1View4.swift */; };
		1652F8CF2B06EFA700F5FC37 /* Chapter1View5.swift in Sources */ = {isa = PBXBuildFile; fileRef = 1652F8C22B06EFA700F5FC37 /* Chapter1View5.swift */; };
		1652F8D02B06EFA700F5FC37 /* Chapter1View10.swift in Sources */ = {isa = PBXBuildFile; fileRef = 1652F8C32B06EFA700F5FC37 /* Chapter1View10.swift */; };
		1652F8D12B06EFA700F5FC37 /* Chapter1AltView.swift in Sources */ = {isa = PBXBuildFile; fileRef = 1652F8C42B06EFA700F5FC37 /* Chapter1AltView.swift */; };
		1652F8D52B06EFB200F5FC37 /* Question.swift in Sources */ = {isa = PBXBuildFile; fileRef = 1652F8D22B06EFB200F5FC37 /* Question.swift */; };
		1652F8D62B06EFB200F5FC37 /* Chapter2GameView.swift in Sources */ = {isa = PBXBuildFile; fileRef = 1652F8D32B06EFB200F5FC37 /* Chapter2GameView.swift */; };
		1652F8D72B06EFB200F5FC37 /* Chapter2View.swift in Sources */ = {isa = PBXBuildFile; fileRef = 1652F8D42B06EFB200F5FC37 /* Chapter2View.swift */; };
		1652F8DA2B06EFB900F5FC37 /* JoeChapterTextingView.swift in Sources */ = {isa = PBXBuildFile; fileRef = 1652F8D82B06EFB900F5FC37 /* JoeChapterTextingView.swift */; };
		1652F8DB2B06EFB900F5FC37 /* Chapter3View.swift in Sources */ = {isa = PBXBuildFile; fileRef = 1652F8D92B06EFB900F5FC37 /* Chapter3View.swift */; };
		1652F8E22B06EFC300F5FC37 /* VideoPlayView.swift in Sources */ = {isa = PBXBuildFile; fileRef = 1652F8DC2B06EFC300F5FC37 /* VideoPlayView.swift */; };
		1652F8E32B06EFC300F5FC37 /* Falseslippercastleview.swift in Sources */ = {isa = PBXBuildFile; fileRef = 1652F8DD2B06EFC300F5FC37 /* Falseslippercastleview.swift */; };
		1652F8E42B06EFC300F5FC37 /* cinderella.mp4 in Resources */ = {isa = PBXBuildFile; fileRef = 1652F8DE2B06EFC300F5FC37 /* cinderella.mp4 */; };
		1652F8E52B06EFC300F5FC37 /* Chapter4View.swift in Sources */ = {isa = PBXBuildFile; fileRef = 1652F8DF2B06EFC300F5FC37 /* Chapter4View.swift */; };
		1652F8E62B06EFC300F5FC37 /* Shoeswapview.swift in Sources */ = {isa = PBXBuildFile; fileRef = 1652F8E02B06EFC300F5FC37 /* Shoeswapview.swift */; };
		1652F8E72B06EFC300F5FC37 /* Chapter4.1View.swift in Sources */ = {isa = PBXBuildFile; fileRef = 1652F8E12B06EFC300F5FC37 /* Chapter4.1View.swift */; };
		1652F8EE2B06EFCF00F5FC37 /* SheetViewTwo.swift in Sources */ = {isa = PBXBuildFile; fileRef = 1652F8E82B06EFCF00F5FC37 /* SheetViewTwo.swift */; };
		1652F8EF2B06EFCF00F5FC37 /* SheetViewFour.swift in Sources */ = {isa = PBXBuildFile; fileRef = 1652F8E92B06EFCF00F5FC37 /* SheetViewFour.swift */; };
		1652F8F02B06EFCF00F5FC37 /* SheetViewFive.swift in Sources */ = {isa = PBXBuildFile; fileRef = 1652F8EA2B06EFCF00F5FC37 /* SheetViewFive.swift */; };
		1652F8F12B06EFCF00F5FC37 /* Chapter5View.swift in Sources */ = {isa = PBXBuildFile; fileRef = 1652F8EB2B06EFCF00F5FC37 /* Chapter5View.swift */; };
		1652F8F22B06EFCF00F5FC37 /* SheetViewOne.swift in Sources */ = {isa = PBXBuildFile; fileRef = 1652F8EC2B06EFCF00F5FC37 /* SheetViewOne.swift */; };
		1652F8F32B06EFCF00F5FC37 /* SheetViewThree.swift in Sources */ = {isa = PBXBuildFile; fileRef = 1652F8ED2B06EFCF00F5FC37 /* SheetViewThree.swift */; };
		1652F8F62B06F00200F5FC37 /* assets.xcassets in Resources */ = {isa = PBXBuildFile; fileRef = 1652F8F52B06F00200F5FC37 /* assets.xcassets */; };
/* End PBXBuildFile section */

/* Begin PBXFileReference section */
		1652F8892B06EC8A00F5FC37 /* Cinderella by JAMS.app */ = {isa = PBXFileReference; explicitFileType = wrapper.application; includeInIndex = 0; path = "Cinderella by JAMS.app"; sourceTree = BUILT_PRODUCTS_DIR; };
		1652F88C2B06EC8A00F5FC37 /* Cinderella_by_JAMSApp.swift */ = {isa = PBXFileReference; lastKnownFileType = sourcecode.swift; path = Cinderella_by_JAMSApp.swift; sourceTree = "<group>"; };
		1652F8AC2B06EEBF00F5FC37 /* SplashScreenView.swift */ = {isa = PBXFileReference; fileEncoding = 4; lastKnownFileType = sourcecode.swift; path = SplashScreenView.swift; sourceTree = "<group>"; };
		1652F8AE2B06EF1800F5FC37 /* MainView.swift */ = {isa = PBXFileReference; fileEncoding = 4; lastKnownFileType = sourcecode.swift; path = MainView.swift; sourceTree = "<group>"; };
		1652F8B12B06EF3400F5FC37 /* ChapterUnlocker.swift */ = {isa = PBXFileReference; fileEncoding = 4; lastKnownFileType = sourcecode.swift; path = ChapterUnlocker.swift; sourceTree = "<group>"; };
		1652F8B82B06EFA700F5FC37 /* Chapter1AltView3.swift */ = {isa = PBXFileReference; fileEncoding = 4; lastKnownFileType = sourcecode.swift; path = Chapter1AltView3.swift; sourceTree = "<group>"; };
		1652F8B92B06EFA700F5FC37 /* Chapter1View2.swift */ = {isa = PBXFileReference; fileEncoding = 4; lastKnownFileType = sourcecode.swift; path = Chapter1View2.swift; sourceTree = "<group>"; };
		1652F8BA2B06EFA700F5FC37 /* Chapter1View7.swift */ = {isa = PBXFileReference; fileEncoding = 4; lastKnownFileType = sourcecode.swift; path = Chapter1View7.swift; sourceTree = "<group>"; };
		1652F8BB2B06EFA700F5FC37 /* Chapter1View.swift */ = {isa = PBXFileReference; fileEncoding = 4; lastKnownFileType = sourcecode.swift; path = Chapter1View.swift; sourceTree = "<group>"; };
		1652F8BC2B06EFA700F5FC37 /* Chapter1View8.swift */ = {isa = PBXFileReference; fileEncoding = 4; lastKnownFileType = sourcecode.swift; path = Chapter1View8.swift; sourceTree = "<group>"; };
		1652F8BD2B06EFA700F5FC37 /* Chapter1View3.swift */ = {isa = PBXFileReference; fileEncoding = 4; lastKnownFileType = sourcecode.swift; path = Chapter1View3.swift; sourceTree = "<group>"; };
		1652F8BE2B06EFA700F5FC37 /* Chapter1View6.swift */ = {isa = PBXFileReference; fileEncoding = 4; lastKnownFileType = sourcecode.swift; path = Chapter1View6.swift; sourceTree = "<group>"; };
		1652F8BF2B06EFA700F5FC37 /* Chapter1AltView2.swift */ = {isa = PBXFileReference; fileEncoding = 4; lastKnownFileType = sourcecode.swift; path = Chapter1AltView2.swift; sourceTree = "<group>"; };
		1652F8C02B06EFA700F5FC37 /* Chapter1View9.swift */ = {isa = PBXFileReference; fileEncoding = 4; lastKnownFileType = sourcecode.swift; path = Chapter1View9.swift; sourceTree = "<group>"; };
		1652F8C12B06EFA700F5FC37 /* Chapter1View4.swift */ = {isa = PBXFileReference; fileEncoding = 4; lastKnownFileType = sourcecode.swift; path = Chapter1View4.swift; sourceTree = "<group>"; };
		1652F8C22B06EFA700F5FC37 /* Chapter1View5.swift */ = {isa = PBXFileReference; fileEncoding = 4; lastKnownFileType = sourcecode.swift; path = Chapter1View5.swift; sourceTree = "<group>"; };
		1652F8C32B06EFA700F5FC37 /* Chapter1View10.swift */ = {isa = PBXFileReference; fileEncoding = 4; lastKnownFileType = sourcecode.swift; path = Chapter1View10.swift; sourceTree = "<group>"; };
		1652F8C42B06EFA700F5FC37 /* Chapter1AltView.swift */ = {isa = PBXFileReference; fileEncoding = 4; lastKnownFileType = sourcecode.swift; path = Chapter1AltView.swift; sourceTree = "<group>"; };
		1652F8D22B06EFB200F5FC37 /* Question.swift */ = {isa = PBXFileReference; fileEncoding = 4; lastKnownFileType = sourcecode.swift; path = Question.swift; sourceTree = "<group>"; };
		1652F8D32B06EFB200F5FC37 /* Chapter2GameView.swift */ = {isa = PBXFileReference; fileEncoding = 4; lastKnownFileType = sourcecode.swift; path = Chapter2GameView.swift; sourceTree = "<group>"; };
		1652F8D42B06EFB200F5FC37 /* Chapter2View.swift */ = {isa = PBXFileReference; fileEncoding = 4; lastKnownFileType = sourcecode.swift; path = Chapter2View.swift; sourceTree = "<group>"; };
		1652F8D82B06EFB900F5FC37 /* JoeChapterTextingView.swift */ = {isa = PBXFileReference; fileEncoding = 4; lastKnownFileType = sourcecode.swift; path = JoeChapterTextingView.swift; sourceTree = "<group>"; };
		1652F8D92B06EFB900F5FC37 /* Chapter3View.swift */ = {isa = PBXFileReference; fileEncoding = 4; lastKnownFileType = sourcecode.swift; path = Chapter3View.swift; sourceTree = "<group>"; };
		1652F8DC2B06EFC300F5FC37 /* VideoPlayView.swift */ = {isa = PBXFileReference; fileEncoding = 4; lastKnownFileType = sourcecode.swift; path = VideoPlayView.swift; sourceTree = "<group>"; };
		1652F8DD2B06EFC300F5FC37 /* Falseslippercastleview.swift */ = {isa = PBXFileReference; fileEncoding = 4; lastKnownFileType = sourcecode.swift; path = Falseslippercastleview.swift; sourceTree = "<group>"; };
		1652F8DE2B06EFC300F5FC37 /* cinderella.mp4 */ = {isa = PBXFileReference; lastKnownFileType = file; path = cinderella.mp4; sourceTree = "<group>"; };
		1652F8DF2B06EFC300F5FC37 /* Chapter4View.swift */ = {isa = PBXFileReference; fileEncoding = 4; lastKnownFileType = sourcecode.swift; path = Chapter4View.swift; sourceTree = "<group>"; };
		1652F8E02B06EFC300F5FC37 /* Shoeswapview.swift */ = {isa = PBXFileReference; fileEncoding = 4; lastKnownFileType = sourcecode.swift; path = Shoeswapview.swift; sourceTree = "<group>"; };
		1652F8E12B06EFC300F5FC37 /* Chapter4.1View.swift */ = {isa = PBXFileReference; fileEncoding = 4; lastKnownFileType = sourcecode.swift; path = Chapter4.1View.swift; sourceTree = "<group>"; };
		1652F8E82B06EFCF00F5FC37 /* SheetViewTwo.swift */ = {isa = PBXFileReference; fileEncoding = 4; lastKnownFileType = sourcecode.swift; path = SheetViewTwo.swift; sourceTree = "<group>"; };
		1652F8E92B06EFCF00F5FC37 /* SheetViewFour.swift */ = {isa = PBXFileReference; fileEncoding = 4; lastKnownFileType = sourcecode.swift; path = SheetViewFour.swift; sourceTree = "<group>"; };
		1652F8EA2B06EFCF00F5FC37 /* SheetViewFive.swift */ = {isa = PBXFileReference; fileEncoding = 4; lastKnownFileType = sourcecode.swift; path = SheetViewFive.swift; sourceTree = "<group>"; };
		1652F8EB2B06EFCF00F5FC37 /* Chapter5View.swift */ = {isa = PBXFileReference; fileEncoding = 4; lastKnownFileType = sourcecode.swift; path = Chapter5View.swift; sourceTree = "<group>"; };
		1652F8EC2B06EFCF00F5FC37 /* SheetViewOne.swift */ = {isa = PBXFileReference; fileEncoding = 4; lastKnownFileType = sourcecode.swift; path = SheetViewOne.swift; sourceTree = "<group>"; };
		1652F8ED2B06EFCF00F5FC37 /* SheetViewThree.swift */ = {isa = PBXFileReference; fileEncoding = 4; lastKnownFileType = sourcecode.swift; path = SheetViewThree.swift; sourceTree = "<group>"; };
		1652F8F52B06F00200F5FC37 /* assets.xcassets */ = {isa = PBXFileReference; lastKnownFileType = folder.assetcatalog; path = assets.xcassets; sourceTree = "<group>"; };
/* End PBXFileReference section */

/* Begin PBXFrameworksBuildPhase section */
		1652F8862B06EC8A00F5FC37 /* Frameworks */ = {
			isa = PBXFrameworksBuildPhase;
			buildActionMask = 2147483647;
			files = (
			);
			runOnlyForDeploymentPostprocessing = 0;
		};
/* End PBXFrameworksBuildPhase section */

/* Begin PBXGroup section */
		1652F8802B06EC8A00F5FC37 = {
			isa = PBXGroup;
			children = (
				1652F88B2B06EC8A00F5FC37 /* Cinderella by JAMS */,
				1652F88A2B06EC8A00F5FC37 /* Products */,
			);
			sourceTree = "<group>";
		};
		1652F88A2B06EC8A00F5FC37 /* Products */ = {
			isa = PBXGroup;
			children = (
				1652F8892B06EC8A00F5FC37 /* Cinderella by JAMS.app */,
			);
			name = Products;
			sourceTree = "<group>";
		};
		1652F88B2B06EC8A00F5FC37 /* Cinderella by JAMS */ = {
			isa = PBXGroup;
			children = (
				1652F8F42B06EFE200F5FC37 /* Preview Content */,
				1652F88C2B06EC8A00F5FC37 /* Cinderella_by_JAMSApp.swift */,
				1652F8AC2B06EEBF00F5FC37 /* SplashScreenView.swift */,
				1652F8AE2B06EF1800F5FC37 /* MainView.swift */,
				1652F8B02B06EF2800F5FC37 /* ViewModels */,
				1652F8B32B06EF4100F5FC37 /* Dashawn */,
				1652F8B42B06EF4800F5FC37 /* Min */,
				1652F8B52B06EF4D00F5FC37 /* Joe */,
				1652F8B62B06EF5400F5FC37 /* Jamar */,
				1652F8B72B06EF5900F5FC37 /* Albert */,
			);
			path = "Cinderella by JAMS";
			sourceTree = "<group>";
		};
		1652F8B02B06EF2800F5FC37 /* ViewModels */ = {
			isa = PBXGroup;
			children = (
				1652F8B12B06EF3400F5FC37 /* ChapterUnlocker.swift */,
			);
			path = ViewModels;
			sourceTree = "<group>";
		};
		1652F8B32B06EF4100F5FC37 /* Dashawn */ = {
			isa = PBXGroup;
			children = (
				1652F8C42B06EFA700F5FC37 /* Chapter1AltView.swift */,
				1652F8BF2B06EFA700F5FC37 /* Chapter1AltView2.swift */,
				1652F8B82B06EFA700F5FC37 /* Chapter1AltView3.swift */,
				1652F8BB2B06EFA700F5FC37 /* Chapter1View.swift */,
				1652F8B92B06EFA700F5FC37 /* Chapter1View2.swift */,
				1652F8BD2B06EFA700F5FC37 /* Chapter1View3.swift */,
				1652F8C12B06EFA700F5FC37 /* Chapter1View4.swift */,
				1652F8C22B06EFA700F5FC37 /* Chapter1View5.swift */,
				1652F8BE2B06EFA700F5FC37 /* Chapter1View6.swift */,
				1652F8BA2B06EFA700F5FC37 /* Chapter1View7.swift */,
				1652F8BC2B06EFA700F5FC37 /* Chapter1View8.swift */,
				1652F8C02B06EFA700F5FC37 /* Chapter1View9.swift */,
				1652F8C32B06EFA700F5FC37 /* Chapter1View10.swift */,
			);
			path = Dashawn;
			sourceTree = "<group>";
		};
		1652F8B42B06EF4800F5FC37 /* Min */ = {
			isa = PBXGroup;
			children = (
				1652F8D32B06EFB200F5FC37 /* Chapter2GameView.swift */,
				1652F8D42B06EFB200F5FC37 /* Chapter2View.swift */,
				1652F8D22B06EFB200F5FC37 /* Question.swift */,
			);
			path = Min;
			sourceTree = "<group>";
		};
		1652F8B52B06EF4D00F5FC37 /* Joe */ = {
			isa = PBXGroup;
			children = (
				1652F8D92B06EFB900F5FC37 /* Chapter3View.swift */,
				1652F8D82B06EFB900F5FC37 /* JoeChapterTextingView.swift */,
			);
			path = Joe;
			sourceTree = "<group>";
		};
		1652F8B62B06EF5400F5FC37 /* Jamar */ = {
			isa = PBXGroup;
			children = (
				1652F8E12B06EFC300F5FC37 /* Chapter4.1View.swift */,
				1652F8DF2B06EFC300F5FC37 /* Chapter4View.swift */,
				1652F8DE2B06EFC300F5FC37 /* cinderella.mp4 */,
				1652F8DD2B06EFC300F5FC37 /* Falseslippercastleview.swift */,
				1652F8E02B06EFC300F5FC37 /* Shoeswapview.swift */,
				1652F8DC2B06EFC300F5FC37 /* VideoPlayView.swift */,
			);
			path = Jamar;
			sourceTree = "<group>";
		};
		1652F8B72B06EF5900F5FC37 /* Albert */ = {
			isa = PBXGroup;
			children = (
				1652F8EB2B06EFCF00F5FC37 /* Chapter5View.swift */,
				1652F8EA2B06EFCF00F5FC37 /* SheetViewFive.swift */,
				1652F8E92B06EFCF00F5FC37 /* SheetViewFour.swift */,
				1652F8EC2B06EFCF00F5FC37 /* SheetViewOne.swift */,
				1652F8ED2B06EFCF00F5FC37 /* SheetViewThree.swift */,
				1652F8E82B06EFCF00F5FC37 /* SheetViewTwo.swift */,
			);
			path = Albert;
			sourceTree = "<group>";
		};
		1652F8F42B06EFE200F5FC37 /* Preview Content */ = {
			isa = PBXGroup;
			children = (
				1652F8F52B06F00200F5FC37 /* assets.xcassets */,
			);
			path = "Preview Content";
			sourceTree = "<group>";
		};
/* End PBXGroup section */

/* Begin PBXNativeTarget section */
		1652F8882B06EC8A00F5FC37 /* Cinderella by JAMS */ = {
			isa = PBXNativeTarget;
			buildConfigurationList = 1652F8972B06EC8B00F5FC37 /* Build configuration list for PBXNativeTarget "Cinderella by JAMS" */;
			buildPhases = (
				1652F8852B06EC8A00F5FC37 /* Sources */,
				1652F8862B06EC8A00F5FC37 /* Frameworks */,
				1652F8872B06EC8A00F5FC37 /* Resources */,
			);
			buildRules = (
			);
			dependencies = (
			);
			name = "Cinderella by JAMS";
			productName = "Cinderella by JAMS";
			productReference = 1652F8892B06EC8A00F5FC37 /* Cinderella by JAMS.app */;
			productType = "com.apple.product-type.application";
		};
/* End PBXNativeTarget section */

/* Begin PBXProject section */
		1652F8812B06EC8A00F5FC37 /* Project object */ = {
			isa = PBXProject;
			attributes = {
				BuildIndependentTargetsInParallel = 1;
				LastSwiftUpdateCheck = 1500;
				LastUpgradeCheck = 1500;
				TargetAttributes = {
					1652F8882B06EC8A00F5FC37 = {
						CreatedOnToolsVersion = 15.0;
					};
				};
			};
			buildConfigurationList = 1652F8842B06EC8A00F5FC37 /* Build configuration list for PBXProject "Cinderella by JAMS" */;
			compatibilityVersion = "Xcode 14.0";
			developmentRegion = en;
			hasScannedForEncodings = 0;
			knownRegions = (
				en,
				Base,
			);
			mainGroup = 1652F8802B06EC8A00F5FC37;
			productRefGroup = 1652F88A2B06EC8A00F5FC37 /* Products */;
			projectDirPath = "";
			projectRoot = "";
			targets = (
				1652F8882B06EC8A00F5FC37 /* Cinderella by JAMS */,
			);
		};
/* End PBXProject section */

/* Begin PBXResourcesBuildPhase section */
		1652F8872B06EC8A00F5FC37 /* Resources */ = {
			isa = PBXResourcesBuildPhase;
			buildActionMask = 2147483647;
			files = (
				1652F8F62B06F00200F5FC37 /* assets.xcassets in Resources */,
				1652F8E42B06EFC300F5FC37 /* cinderella.mp4 in Resources */,
			);
			runOnlyForDeploymentPostprocessing = 0;
		};
/* End PBXResourcesBuildPhase section */

/* Begin PBXSourcesBuildPhase section */
		1652F8852B06EC8A00F5FC37 /* Sources */ = {
			isa = PBXSourcesBuildPhase;
			buildActionMask = 2147483647;
			files = (
				1652F8E62B06EFC300F5FC37 /* Shoeswapview.swift in Sources */,
				1652F8C82B06EFA700F5FC37 /* Chapter1View.swift in Sources */,
				1652F88D2B06EC8A00F5FC37 /* Cinderella_by_JAMSApp.swift in Sources */,
				1652F8F22B06EFCF00F5FC37 /* SheetViewOne.swift in Sources */,
				1652F8AF2B06EF1800F5FC37 /* MainView.swift in Sources */,
				1652F8D52B06EFB200F5FC37 /* Question.swift in Sources */,
				1652F8D02B06EFA700F5FC37 /* Chapter1View10.swift in Sources */,
				1652F8D62B06EFB200F5FC37 /* Chapter2GameView.swift in Sources */,
				1652F8F12B06EFCF00F5FC37 /* Chapter5View.swift in Sources */,
				1652F8CD2B06EFA700F5FC37 /* Chapter1View9.swift in Sources */,
				1652F8CC2B06EFA700F5FC37 /* Chapter1AltView2.swift in Sources */,
				1652F8E32B06EFC300F5FC37 /* Falseslippercastleview.swift in Sources */,
				1652F8DA2B06EFB900F5FC37 /* JoeChapterTextingView.swift in Sources */,
				1652F8EE2B06EFCF00F5FC37 /* SheetViewTwo.swift in Sources */,
				1652F8C72B06EFA700F5FC37 /* Chapter1View7.swift in Sources */,
				1652F8E72B06EFC300F5FC37 /* Chapter4.1View.swift in Sources */,
				1652F8F02B06EFCF00F5FC37 /* SheetViewFive.swift in Sources */,
				1652F8D72B06EFB200F5FC37 /* Chapter2View.swift in Sources */,
				1652F8C92B06EFA700F5FC37 /* Chapter1View8.swift in Sources */,
				1652F8B22B06EF3400F5FC37 /* ChapterUnlocker.swift in Sources */,
				1652F8CB2B06EFA700F5FC37 /* Chapter1View6.swift in Sources */,
				1652F8D12B06EFA700F5FC37 /* Chapter1AltView.swift in Sources */,
				1652F8AD2B06EEBF00F5FC37 /* SplashScreenView.swift in Sources */,
				1652F8F32B06EFCF00F5FC37 /* SheetViewThree.swift in Sources */,
				1652F8C52B06EFA700F5FC37 /* Chapter1AltView3.swift in Sources */,
				1652F8CA2B06EFA700F5FC37 /* Chapter1View3.swift in Sources */,
				1652F8C62B06EFA700F5FC37 /* Chapter1View2.swift in Sources */,
				1652F8CE2B06EFA700F5FC37 /* Chapter1View4.swift in Sources */,
				1652F8E52B06EFC300F5FC37 /* Chapter4View.swift in Sources */,
				1652F8DB2B06EFB900F5FC37 /* Chapter3View.swift in Sources */,
				1652F8E22B06EFC300F5FC37 /* VideoPlayView.swift in Sources */,
				1652F8EF2B06EFCF00F5FC37 /* SheetViewFour.swift in Sources */,
				1652F8CF2B06EFA700F5FC37 /* Chapter1View5.swift in Sources */,
			);
			runOnlyForDeploymentPostprocessing = 0;
		};
/* End PBXSourcesBuildPhase section */

/* Begin XCBuildConfiguration section */
		1652F8952B06EC8B00F5FC37 /* Debug */ = {
			isa = XCBuildConfiguration;
			buildSettings = {
				ALWAYS_SEARCH_USER_PATHS = NO;
				ASSETCATALOG_COMPILER_GENERATE_SWIFT_ASSET_SYMBOL_EXTENSIONS = YES;
				CLANG_ANALYZER_NONNULL = YES;
				CLANG_ANALYZER_NUMBER_OBJECT_CONVERSION = YES_AGGRESSIVE;
				CLANG_CXX_LANGUAGE_STANDARD = "gnu++20";
				CLANG_ENABLE_MODULES = YES;
				CLANG_ENABLE_OBJC_ARC = YES;
				CLANG_ENABLE_OBJC_WEAK = YES;
				CLANG_WARN_BLOCK_CAPTURE_AUTORELEASING = YES;
				CLANG_WARN_BOOL_CONVERSION = YES;
				CLANG_WARN_COMMA = YES;
				CLANG_WARN_CONSTANT_CONVERSION = YES;
				CLANG_WARN_DEPRECATED_OBJC_IMPLEMENTATIONS = YES;
				CLANG_WARN_DIRECT_OBJC_ISA_USAGE = YES_ERROR;
				CLANG_WARN_DOCUMENTATION_COMMENTS = YES;
				CLANG_WARN_EMPTY_BODY = YES;
				CLANG_WARN_ENUM_CONVERSION = YES;
				CLANG_WARN_INFINITE_RECURSION = YES;
				CLANG_WARN_INT_CONVERSION = YES;
				CLANG_WARN_NON_LITERAL_NULL_CONVERSION = YES;
				CLANG_WARN_OBJC_IMPLICIT_RETAIN_SELF = YES;
				CLANG_WARN_OBJC_LITERAL_CONVERSION = YES;
				CLANG_WARN_OBJC_ROOT_CLASS = YES_ERROR;
				CLANG_WARN_QUOTED_INCLUDE_IN_FRAMEWORK_HEADER = YES;
				CLANG_WARN_RANGE_LOOP_ANALYSIS = YES;
				CLANG_WARN_STRICT_PROTOTYPES = YES;
				CLANG_WARN_SUSPICIOUS_MOVE = YES;
				CLANG_WARN_UNGUARDED_AVAILABILITY = YES_AGGRESSIVE;
				CLANG_WARN_UNREACHABLE_CODE = YES;
				CLANG_WARN__DUPLICATE_METHOD_MATCH = YES;
				COPY_PHASE_STRIP = NO;
				DEBUG_INFORMATION_FORMAT = dwarf;
				ENABLE_STRICT_OBJC_MSGSEND = YES;
				ENABLE_TESTABILITY = YES;
				ENABLE_USER_SCRIPT_SANDBOXING = YES;
				GCC_C_LANGUAGE_STANDARD = gnu17;
				GCC_DYNAMIC_NO_PIC = NO;
				GCC_NO_COMMON_BLOCKS = YES;
				GCC_OPTIMIZATION_LEVEL = 0;
				GCC_PREPROCESSOR_DEFINITIONS = (
					"DEBUG=1",
					"$(inherited)",
				);
				GCC_WARN_64_TO_32_BIT_CONVERSION = YES;
				GCC_WARN_ABOUT_RETURN_TYPE = YES_ERROR;
				GCC_WARN_UNDECLARED_SELECTOR = YES;
				GCC_WARN_UNINITIALIZED_AUTOS = YES_AGGRESSIVE;
				GCC_WARN_UNUSED_FUNCTION = YES;
				GCC_WARN_UNUSED_VARIABLE = YES;
				IPHONEOS_DEPLOYMENT_TARGET = 17.0;
				LOCALIZATION_PREFERS_STRING_CATALOGS = YES;
				MTL_ENABLE_DEBUG_INFO = INCLUDE_SOURCE;
				MTL_FAST_MATH = YES;
				ONLY_ACTIVE_ARCH = YES;
				SDKROOT = iphoneos;
				SWIFT_ACTIVE_COMPILATION_CONDITIONS = "DEBUG $(inherited)";
				SWIFT_OPTIMIZATION_LEVEL = "-Onone";
			};
			name = Debug;
		};
		1652F8962B06EC8B00F5FC37 /* Release */ = {
			isa = XCBuildConfiguration;
			buildSettings = {
				ALWAYS_SEARCH_USER_PATHS = NO;
				ASSETCATALOG_COMPILER_GENERATE_SWIFT_ASSET_SYMBOL_EXTENSIONS = YES;
				CLANG_ANALYZER_NONNULL = YES;
				CLANG_ANALYZER_NUMBER_OBJECT_CONVERSION = YES_AGGRESSIVE;
				CLANG_CXX_LANGUAGE_STANDARD = "gnu++20";
				CLANG_ENABLE_MODULES = YES;
				CLANG_ENABLE_OBJC_ARC = YES;
				CLANG_ENABLE_OBJC_WEAK = YES;
				CLANG_WARN_BLOCK_CAPTURE_AUTORELEASING = YES;
				CLANG_WARN_BOOL_CONVERSION = YES;
				CLANG_WARN_COMMA = YES;
				CLANG_WARN_CONSTANT_CONVERSION = YES;
				CLANG_WARN_DEPRECATED_OBJC_IMPLEMENTATIONS = YES;
				CLANG_WARN_DIRECT_OBJC_ISA_USAGE = YES_ERROR;
				CLANG_WARN_DOCUMENTATION_COMMENTS = YES;
				CLANG_WARN_EMPTY_BODY = YES;
				CLANG_WARN_ENUM_CONVERSION = YES;
				CLANG_WARN_INFINITE_RECURSION = YES;
				CLANG_WARN_INT_CONVERSION = YES;
				CLANG_WARN_NON_LITERAL_NULL_CONVERSION = YES;
				CLANG_WARN_OBJC_IMPLICIT_RETAIN_SELF = YES;
				CLANG_WARN_OBJC_LITERAL_CONVERSION = YES;
				CLANG_WARN_OBJC_ROOT_CLASS = YES_ERROR;
				CLANG_WARN_QUOTED_INCLUDE_IN_FRAMEWORK_HEADER = YES;
				CLANG_WARN_RANGE_LOOP_ANALYSIS = YES;
				CLANG_WARN_STRICT_PROTOTYPES = YES;
				CLANG_WARN_SUSPICIOUS_MOVE = YES;
				CLANG_WARN_UNGUARDED_AVAILABILITY = YES_AGGRESSIVE;
				CLANG_WARN_UNREACHABLE_CODE = YES;
				CLANG_WARN__DUPLICATE_METHOD_MATCH = YES;
				COPY_PHASE_STRIP = NO;
				DEBUG_INFORMATION_FORMAT = "dwarf-with-dsym";
				ENABLE_NS_ASSERTIONS = NO;
				ENABLE_STRICT_OBJC_MSGSEND = YES;
				ENABLE_USER_SCRIPT_SANDBOXING = YES;
				GCC_C_LANGUAGE_STANDARD = gnu17;
				GCC_NO_COMMON_BLOCKS = YES;
				GCC_WARN_64_TO_32_BIT_CONVERSION = YES;
				GCC_WARN_ABOUT_RETURN_TYPE = YES_ERROR;
				GCC_WARN_UNDECLARED_SELECTOR = YES;
				GCC_WARN_UNINITIALIZED_AUTOS = YES_AGGRESSIVE;
				GCC_WARN_UNUSED_FUNCTION = YES;
				GCC_WARN_UNUSED_VARIABLE = YES;
				IPHONEOS_DEPLOYMENT_TARGET = 17.0;
				LOCALIZATION_PREFERS_STRING_CATALOGS = YES;
				MTL_ENABLE_DEBUG_INFO = NO;
				MTL_FAST_MATH = YES;
				SDKROOT = iphoneos;
				SWIFT_COMPILATION_MODE = wholemodule;
				VALIDATE_PRODUCT = YES;
			};
			name = Release;
		};
		1652F8982B06EC8B00F5FC37 /* Debug */ = {
			isa = XCBuildConfiguration;
			buildSettings = {
				ASSETCATALOG_COMPILER_APPICON_NAME = AppIcon;
				ASSETCATALOG_COMPILER_GLOBAL_ACCENT_COLOR_NAME = AccentColor;
				CODE_SIGN_STYLE = Automatic;
				CURRENT_PROJECT_VERSION = 1;
				DEVELOPMENT_ASSET_PATHS = "\"Cinderella by JAMS/Preview Content\"";
				DEVELOPMENT_TEAM = MGX4V5XP6T;
				ENABLE_PREVIEWS = YES;
				GENERATE_INFOPLIST_FILE = YES;
				INFOPLIST_KEY_UIApplicationSceneManifest_Generation = YES;
				INFOPLIST_KEY_UIApplicationSupportsIndirectInputEvents = YES;
				INFOPLIST_KEY_UILaunchScreen_Generation = YES;
				INFOPLIST_KEY_UISupportedInterfaceOrientations_iPad = "UIInterfaceOrientationPortrait UIInterfaceOrientationPortraitUpsideDown UIInterfaceOrientationLandscapeLeft UIInterfaceOrientationLandscapeRight";
				INFOPLIST_KEY_UISupportedInterfaceOrientations_iPhone = "UIInterfaceOrientationPortrait UIInterfaceOrientationLandscapeLeft UIInterfaceOrientationLandscapeRight";
				LD_RUNPATH_SEARCH_PATHS = (
					"$(inherited)",
					"@executable_path/Frameworks",
				);
				MARKETING_VERSION = 1.0;
				PRODUCT_BUNDLE_IDENTIFIER = "com.hoover.Cinderella-by-JAMS";
				PRODUCT_NAME = "$(TARGET_NAME)";
				SWIFT_EMIT_LOC_STRINGS = YES;
				SWIFT_VERSION = 5.0;
				TARGETED_DEVICE_FAMILY = "1,2";
			};
			name = Debug;
		};
		1652F8992B06EC8B00F5FC37 /* Release */ = {
			isa = XCBuildConfiguration;
			buildSettings = {
				ASSETCATALOG_COMPILER_APPICON_NAME = AppIcon;
				ASSETCATALOG_COMPILER_GLOBAL_ACCENT_COLOR_NAME = AccentColor;
				CODE_SIGN_STYLE = Automatic;
				CURRENT_PROJECT_VERSION = 1;
				DEVELOPMENT_ASSET_PATHS = "\"Cinderella by JAMS/Preview Content\"";
				DEVELOPMENT_TEAM = MGX4V5XP6T;
				ENABLE_PREVIEWS = YES;
				GENERATE_INFOPLIST_FILE = YES;
				INFOPLIST_KEY_UIApplicationSceneManifest_Generation = YES;
				INFOPLIST_KEY_UIApplicationSupportsIndirectInputEvents = YES;
				INFOPLIST_KEY_UILaunchScreen_Generation = YES;
				INFOPLIST_KEY_UISupportedInterfaceOrientations_iPad = "UIInterfaceOrientationPortrait UIInterfaceOrientationPortraitUpsideDown UIInterfaceOrientationLandscapeLeft UIInterfaceOrientationLandscapeRight";
				INFOPLIST_KEY_UISupportedInterfaceOrientations_iPhone = "UIInterfaceOrientationPortrait UIInterfaceOrientationLandscapeLeft UIInterfaceOrientationLandscapeRight";
				LD_RUNPATH_SEARCH_PATHS = (
					"$(inherited)",
					"@executable_path/Frameworks",
				);
				MARKETING_VERSION = 1.0;
				PRODUCT_BUNDLE_IDENTIFIER = "com.hoover.Cinderella-by-JAMS";
				PRODUCT_NAME = "$(TARGET_NAME)";
				SWIFT_EMIT_LOC_STRINGS = YES;
				SWIFT_VERSION = 5.0;
				TARGETED_DEVICE_FAMILY = "1,2";
			};
			name = Release;
		};
/* End XCBuildConfiguration section */

/* Begin XCConfigurationList section */
		1652F8842B06EC8A00F5FC37 /* Build configuration list for PBXProject "Cinderella by JAMS" */ = {
			isa = XCConfigurationList;
			buildConfigurations = (
				1652F8952B06EC8B00F5FC37 /* Debug */,
				1652F8962B06EC8B00F5FC37 /* Release */,
			);
			defaultConfigurationIsVisible = 0;
			defaultConfigurationName = Release;
		};
		1652F8972B06EC8B00F5FC37 /* Build configuration list for PBXNativeTarget "Cinderella by JAMS" */ = {
			isa = XCConfigurationList;
			buildConfigurations = (
				1652F8982B06EC8B00F5FC37 /* Debug */,
				1652F8992B06EC8B00F5FC37 /* Release */,
			);
			defaultConfigurationIsVisible = 0;
			defaultConfigurationName = Release;
		};
/* End XCConfigurationList section */
	};
	rootObject = 1652F8812B06EC8A00F5FC37 /* Project object */;
}
